
Microsoft Visual Studio Solution File, Format Version 12.00
# Visual Studio Version 16
VisualStudioVersion = 16.0.29911.84
MinimumVisualStudioVersion = 10.0.40219.1
Project("{FAE04EC0-301F-11D3-BF4B-00C04F79EFBC}") = "ContosoUniversity", "ContosoUniversity\ContosoUniversity.csproj", "{3B2F35B2-921A-4B4A-8A71-E6510FF383D6}"
EndProject
Global
	GlobalSection(SolutionConfigurationPlatforms) = preSolution
		Debug|Any CPU = Debug|Any CPU
		Release|Any CPU = Release|Any CPU
	EndGlobalSection
	GlobalSection(ProjectConfigurationPlatforms) = postSolution
		{3B2F35B2-921A-4B4A-8A71-E6510FF383D6}.Debug|Any CPU.ActiveCfg = Debug|Any CPU
		{3B2F35B2-921A-4B4A-8A71-E6510FF383D6}.Debug|Any CPU.Build.0 = Debug|Any CPU
		{3B2F35B2-921A-4B4A-8A71-E6510FF383D6}.Release|Any CPU.ActiveCfg = Release|Any CPU
		{3B2F35B2-921A-4B4A-8A71-E6510FF383D6}.Release|Any CPU.Build.0 = Release|Any CPU
	EndGlobalSection
	GlobalSection(SolutionProperties) = preSolution
		HideSolutionNode = FALSE
	EndGlobalSection
	GlobalSection(ExtensibilityGlobals) = postSolution
		SolutionGuid = {96288921-FDB4-425E-9A73-252E767F3F72}
	EndGlobalSection
EndGlobal
